<?xml version="1.0" encoding="utf-8"?>
<Project ToolsVersion="4.0" xmlns="http://schemas.microsoft.com/developer/msbuild/2003">
  <ItemGroup>
    <Filter Include="소스 파일">
      <UniqueIdentifier>{4FC737F1-C7A5-4376-A066-2A32D752A2FF}</UniqueIdentifier>
      <Extensions>cpp;c;cc;cxx;c++;cppm;ixx;def;odl;idl;hpj;bat;asm;asmx</Extensions>
    </Filter>
    <Filter Include="헤더 파일">
      <UniqueIdentifier>{93995380-89BD-4b04-88EB-625FBE52EBFB}</UniqueIdentifier>
      <Extensions>h;hh;hpp;hxx;h++;hm;inl;inc;ipp;xsd</Extensions>
    </Filter>
    <Filter Include="리소스 파일">
      <UniqueIdentifier>{67DA6AB6-F800-4c08-8B7A-83BB121AAD01}</UniqueIdentifier>
      <Extensions>rc;ico;cur;bmp;dlg;rc2;rct;bin;rgs;gif;jpg;jpeg;jpe;resx;tiff;tif;png;wav;mfcribbon-ms</Extensions>
    </Filter>
  </ItemGroup>
  <ItemGroup>
    <ClInclude Include="CSGPFrameWork.h">
      <Filter>소스 파일</Filter>
    </ClInclude>
    <ClInclude Include="Content\MainGame.h">
      <Filter>헤더 파일</Filter>
    </ClInclude>
    <ClInclude Include="Content\SnakeContent\SnakeContent.h">
      <Filter>헤더 파일</Filter>
    </ClInclude>
    <ClInclude Include="FrameWork\Interface\IGameContent.h">
      <Filter>헤더 파일</Filter>
    </ClInclude>
    <ClInclude Include="Content\MainContent\MainContent.h">
      <Filter>헤더 파일</Filter>
    </ClInclude>
    <ClInclude Include="FrameWork\KEYManager.h">
      <Filter>헤더 파일</Filter>
    </ClInclude>
    <ClInclude Include="FrameWork\SceneManager.h">
      <Filter>헤더 파일</Filter>
    </ClInclude>
    <ClInclude Include="FrameWork\ScreenManager.h">
      <Filter>헤더 파일</Filter>
    </ClInclude>
    <ClInclude Include="FrameWork\singleton.h">
      <Filter>헤더 파일</Filter>
    </ClInclude>
    <ClInclude Include="FrameWork\TimerManager.h">
      <Filter>헤더 파일</Filter>
    </ClInclude>
    <ClInclude Include="Library\ColliderLib.h">
      <Filter>헤더 파일</Filter>
    </ClInclude>
    <ClInclude Include="Content\SnakeContent\Game\SnakeStage.h">
      <Filter>헤더 파일</Filter>
    </ClInclude>
    <ClInclude Include="FrameWork\Interface\IScene.h">
      <Filter>헤더 파일</Filter>
    </ClInclude>
    <ClInclude Include="Content\SnakeContent\Game\SnakeTitle.h">
      <Filter>헤더 파일</Filter>
    </ClInclude>
    <ClInclude Include="Content\RoadContent\RunnerContent.h">
      <Filter>헤더 파일</Filter>
    </ClInclude>
    <ClInclude Include="Content\TetrisContent\TetrisContent.h">
      <Filter>헤더 파일</Filter>
    </ClInclude>
    <ClInclude Include="FrameWork\ContentManager.h">
      <Filter>헤더 파일</Filter>
    </ClInclude>
    <ClInclude Include="FrameWork\ColliderManager.h">
      <Filter>헤더 파일</Filter>
    </ClInclude>
    <ClInclude Include="Content\TetrisContent\Scene\TetrisTitle.h">
      <Filter>헤더 파일</Filter>
    </ClInclude>
    <ClInclude Include="Content\TetrisContent\Scene\TetrisGame.h">
      <Filter>헤더 파일</Filter>
    </ClInclude>
    <ClInclude Include="Content\TetrisContent\Scene\TetrisEnding.h">
      <Filter>헤더 파일</Filter>
    </ClInclude>
    <ClInclude Include="Content\TetrisContent\Scene\Object\TetrisBlock.h">
      <Filter>헤더 파일</Filter>
    </ClInclude>
    <ClInclude Include="Content\TetrisContent\Scene\TetrisInfo.h">
      <Filter>헤더 파일</Filter>
    </ClInclude>
  </ItemGroup>
  <ItemGroup>
    <ClCompile Include="main.cpp">
      <Filter>소스 파일</Filter>
    </ClCompile>
    <ClCompile Include="Content\SnakeContent\SnakeContent.cpp">
      <Filter>소스 파일</Filter>
    </ClCompile>
    <ClCompile Include="Content\MainGame.cpp">
      <Filter>소스 파일</Filter>
    </ClCompile>
    <ClCompile Include="Content\MainContent\MainContent.cpp">
      <Filter>소스 파일</Filter>
    </ClCompile>
    <ClCompile Include="FrameWork\KEYManager.cpp">
      <Filter>소스 파일</Filter>
    </ClCompile>
    <ClCompile Include="FrameWork\SceneManager.cpp">
      <Filter>소스 파일</Filter>
    </ClCompile>
    <ClCompile Include="FrameWork\ScreenManager.cpp">
      <Filter>소스 파일</Filter>
    </ClCompile>
    <ClCompile Include="FrameWork\TimerManager.cpp">
      <Filter>소스 파일</Filter>
    </ClCompile>
    <ClCompile Include="Library\ColliderLib.cpp">
      <Filter>소스 파일</Filter>
    </ClCompile>
    <ClCompile Include="Content\SnakeContent\Game\SnakeStage.cpp">
      <Filter>소스 파일</Filter>
    </ClCompile>
    <ClCompile Include="Content\SnakeContent\Game\SnakeTitle.cpp">
      <Filter>소스 파일</Filter>
    </ClCompile>
    <ClCompile Include="Content\RoadContent\RunnerContent.cpp">
      <Filter>소스 파일</Filter>
    </ClCompile>
    <ClCompile Include="Content\TetrisContent\TetrisContent.cpp">
      <Filter>소스 파일</Filter>
    </ClCompile>
    <ClCompile Include="FrameWork\ContentManager.cpp">
      <Filter>소스 파일</Filter>
    </ClCompile>
    <ClCompile Include="FrameWork\ColliderManager.cpp">
      <Filter>소스 파일</Filter>
    </ClCompile>
    <ClCompile Include="Content\TetrisContent\Scene\TetrisTitle.cpp">
      <Filter>소스 파일</Filter>
    </ClCompile>
    <ClCompile Include="Content\TetrisContent\Scene\TetrisGame.cpp">
      <Filter>소스 파일</Filter>
    </ClCompile>
    <ClCompile Include="Content\TetrisContent\Scene\TetrisEnding.cpp">
      <Filter>소스 파일</Filter>
    </ClCompile>
    <ClCompile Include="Content\TetrisContent\Scene\Object\TetrisBlock.cpp">
      <Filter>소스 파일</Filter>
    </ClCompile>
  </ItemGroup>
</Project>